// !$*UTF8*$!
{
	archiveVersion = 1;
	classes = {
	};
	objectVersion = 48;
	objects = {

/* Begin PBXBuildFile section */
		9354770020559CD9006C23BA /* AppDelegate.swift in Sources */ = {isa = PBXBuildFile; fileRef = 935476FF20559CD9006C23BA /* AppDelegate.swift */; };
		9354770220559CD9006C23BA /* ViewController.swift in Sources */ = {isa = PBXBuildFile; fileRef = 9354770120559CD9006C23BA /* ViewController.swift */; };
		9354770420559CD9006C23BA /* Assets.xcassets in Resources */ = {isa = PBXBuildFile; fileRef = 9354770320559CD9006C23BA /* Assets.xcassets */; };
		9354770720559CD9006C23BA /* Main.storyboard in Resources */ = {isa = PBXBuildFile; fileRef = 9354770520559CD9006C23BA /* Main.storyboard */; };
		9354771320559CD9006C23BA /* NightAndRadianceTests.swift in Sources */ = {isa = PBXBuildFile; fileRef = 9354771220559CD9006C23BA /* NightAndRadianceTests.swift */; };
		93A6889B2211162F00985E09 /* Sphere.swift in Sources */ = {isa = PBXBuildFile; fileRef = 93A6889A2211162F00985E09 /* Sphere.swift */; };
		93A6889D2211165C00985E09 /* Plane.swift in Sources */ = {isa = PBXBuildFile; fileRef = 93A6889C2211165C00985E09 /* Plane.swift */; };
		93A688A1221B88F600985E09 /* PPMWriter.swift in Sources */ = {isa = PBXBuildFile; fileRef = 93A688A0221B88F600985E09 /* PPMWriter.swift */; };
		93AC0658205F80EA008CE201 /* Vector.swift in Sources */ = {isa = PBXBuildFile; fileRef = 93AC0657205F80EA008CE201 /* Vector.swift */; };
		93D939332239FC7400E49322 /* Triangle.swift in Sources */ = {isa = PBXBuildFile; fileRef = 93D939322239FC7400E49322 /* Triangle.swift */; };
		93D939352240156900E49322 /* Polygon.swift in Sources */ = {isa = PBXBuildFile; fileRef = 93D939342240156900E49322 /* Polygon.swift */; };
		93D97E9621FE7AD7005F4252 /* Point.swift in Sources */ = {isa = PBXBuildFile; fileRef = 93D97E9521FE7AD7005F4252 /* Point.swift */; };
		93D97E9821FF6A6F005F4252 /* Ray.swift in Sources */ = {isa = PBXBuildFile; fileRef = 93D97E9721FF6A6E005F4252 /* Ray.swift */; };
		93D97E9A2200E212005F4252 /* Screen.swift in Sources */ = {isa = PBXBuildFile; fileRef = 93D97E992200E212005F4252 /* Screen.swift */; };
		93D97E9C220E70FA005F4252 /* Scene.swift in Sources */ = {isa = PBXBuildFile; fileRef = 93D97E9B220E70FA005F4252 /* Scene.swift */; };
		93DB61312221C83A00DBA7CB /* Material.swift in Sources */ = {isa = PBXBuildFile; fileRef = 93DB61302221C83A00DBA7CB /* Material.swift */; };
		93DB6133222207D000DBA7CB /* RayCast.swift in Sources */ = {isa = PBXBuildFile; fileRef = 93DB6132222207D000DBA7CB /* RayCast.swift */; };
		93DB613522232C7C00DBA7CB /* SceneObject.swift in Sources */ = {isa = PBXBuildFile; fileRef = 93DB613422232C7C00DBA7CB /* SceneObject.swift */; };
		93DB61372223341D00DBA7CB /* Vector+Point.swift in Sources */ = {isa = PBXBuildFile; fileRef = 93DB61362223341D00DBA7CB /* Vector+Point.swift */; };
		93DB613922271FB900DBA7CB /* RayTree.swift in Sources */ = {isa = PBXBuildFile; fileRef = 93DB613822271FB900DBA7CB /* RayTree.swift */; };
		93DB613B2229D0D000DBA7CB /* Color.swift in Sources */ = {isa = PBXBuildFile; fileRef = 93DB613A2229D0D000DBA7CB /* Color.swift */; };
		93DB613D222F075800DBA7CB /* LightSource.swift in Sources */ = {isa = PBXBuildFile; fileRef = 93DB613C222F075800DBA7CB /* LightSource.swift */; };
/* End PBXBuildFile section */

/* Begin PBXContainerItemProxy section */
		9354770F20559CD9006C23BA /* PBXContainerItemProxy */ = {
			isa = PBXContainerItemProxy;
			containerPortal = 935476F420559CD9006C23BA /* Project object */;
			proxyType = 1;
			remoteGlobalIDString = 935476FB20559CD9006C23BA;
			remoteInfo = NightAndRadiance;
		};
/* End PBXContainerItemProxy section */

/* Begin PBXFileReference section */
		935476FC20559CD9006C23BA /* NightAndRadiance.app */ = {isa = PBXFileReference; explicitFileType = wrapper.application; includeInIndex = 0; path = NightAndRadiance.app; sourceTree = BUILT_PRODUCTS_DIR; };
		935476FF20559CD9006C23BA /* AppDelegate.swift */ = {isa = PBXFileReference; lastKnownFileType = sourcecode.swift; path = AppDelegate.swift; sourceTree = "<group>"; };
		9354770120559CD9006C23BA /* ViewController.swift */ = {isa = PBXFileReference; lastKnownFileType = sourcecode.swift; path = ViewController.swift; sourceTree = "<group>"; };
		9354770320559CD9006C23BA /* Assets.xcassets */ = {isa = PBXFileReference; lastKnownFileType = folder.assetcatalog; path = Assets.xcassets; sourceTree = "<group>"; };
		9354770620559CD9006C23BA /* Base */ = {isa = PBXFileReference; lastKnownFileType = file.storyboard; name = Base; path = Base.lproj/Main.storyboard; sourceTree = "<group>"; };
		9354770820559CD9006C23BA /* Info.plist */ = {isa = PBXFileReference; lastKnownFileType = text.plist.xml; path = Info.plist; sourceTree = "<group>"; };
		9354770920559CD9006C23BA /* NightAndRadiance.entitlements */ = {isa = PBXFileReference; lastKnownFileType = text.plist.entitlements; path = NightAndRadiance.entitlements; sourceTree = "<group>"; };
		9354770E20559CD9006C23BA /* NightAndRadianceTests.xctest */ = {isa = PBXFileReference; explicitFileType = wrapper.cfbundle; includeInIndex = 0; path = NightAndRadianceTests.xctest; sourceTree = BUILT_PRODUCTS_DIR; };
		9354771220559CD9006C23BA /* NightAndRadianceTests.swift */ = {isa = PBXFileReference; lastKnownFileType = sourcecode.swift; path = NightAndRadianceTests.swift; sourceTree = "<group>"; };
		9354771420559CD9006C23BA /* Info.plist */ = {isa = PBXFileReference; lastKnownFileType = text.plist.xml; path = Info.plist; sourceTree = "<group>"; };
		93A6889A2211162F00985E09 /* Sphere.swift */ = {isa = PBXFileReference; lastKnownFileType = sourcecode.swift; path = Sphere.swift; sourceTree = "<group>"; };
		93A6889C2211165C00985E09 /* Plane.swift */ = {isa = PBXFileReference; lastKnownFileType = sourcecode.swift; path = Plane.swift; sourceTree = "<group>"; };
		93A688A0221B88F600985E09 /* PPMWriter.swift */ = {isa = PBXFileReference; lastKnownFileType = sourcecode.swift; path = PPMWriter.swift; sourceTree = "<group>"; };
		93AC0657205F80EA008CE201 /* Vector.swift */ = {isa = PBXFileReference; lastKnownFileType = sourcecode.swift; path = Vector.swift; sourceTree = "<group>"; };
		93D939322239FC7400E49322 /* Triangle.swift */ = {isa = PBXFileReference; lastKnownFileType = sourcecode.swift; path = Triangle.swift; sourceTree = "<group>"; };
		93D939342240156900E49322 /* Polygon.swift */ = {isa = PBXFileReference; lastKnownFileType = sourcecode.swift; path = Polygon.swift; sourceTree = "<group>"; };
		93D97E9521FE7AD7005F4252 /* Point.swift */ = {isa = PBXFileReference; lastKnownFileType = sourcecode.swift; path = Point.swift; sourceTree = "<group>"; };
		93D97E9721FF6A6E005F4252 /* Ray.swift */ = {isa = PBXFileReference; lastKnownFileType = sourcecode.swift; path = Ray.swift; sourceTree = "<group>"; };
		93D97E992200E212005F4252 /* Screen.swift */ = {isa = PBXFileReference; lastKnownFileType = sourcecode.swift; path = Screen.swift; sourceTree = "<group>"; };
		93D97E9B220E70FA005F4252 /* Scene.swift */ = {isa = PBXFileReference; lastKnownFileType = sourcecode.swift; path = Scene.swift; sourceTree = "<group>"; };
		93DB61302221C83A00DBA7CB /* Material.swift */ = {isa = PBXFileReference; lastKnownFileType = sourcecode.swift; path = Material.swift; sourceTree = "<group>"; };
		93DB6132222207D000DBA7CB /* RayCast.swift */ = {isa = PBXFileReference; lastKnownFileType = sourcecode.swift; path = RayCast.swift; sourceTree = "<group>"; };
		93DB613422232C7C00DBA7CB /* SceneObject.swift */ = {isa = PBXFileReference; lastKnownFileType = sourcecode.swift; path = SceneObject.swift; sourceTree = "<group>"; };
		93DB61362223341D00DBA7CB /* Vector+Point.swift */ = {isa = PBXFileReference; lastKnownFileType = sourcecode.swift; path = "Vector+Point.swift"; sourceTree = "<group>"; };
		93DB613822271FB900DBA7CB /* RayTree.swift */ = {isa = PBXFileReference; lastKnownFileType = sourcecode.swift; path = RayTree.swift; sourceTree = "<group>"; };
		93DB613A2229D0D000DBA7CB /* Color.swift */ = {isa = PBXFileReference; lastKnownFileType = sourcecode.swift; path = Color.swift; sourceTree = "<group>"; };
		93DB613C222F075800DBA7CB /* LightSource.swift */ = {isa = PBXFileReference; lastKnownFileType = sourcecode.swift; path = LightSource.swift; sourceTree = "<group>"; };
/* End PBXFileReference section */

/* Begin PBXFrameworksBuildPhase section */
		935476F920559CD9006C23BA /* Frameworks */ = {
			isa = PBXFrameworksBuildPhase;
			buildActionMask = 2147483647;
			files = (
			);
			runOnlyForDeploymentPostprocessing = 0;
		};
		9354770B20559CD9006C23BA /* Frameworks */ = {
			isa = PBXFrameworksBuildPhase;
			buildActionMask = 2147483647;
			files = (
			);
			runOnlyForDeploymentPostprocessing = 0;
		};
/* End PBXFrameworksBuildPhase section */

/* Begin PBXGroup section */
		935476F320559CD9006C23BA = {
			isa = PBXGroup;
			children = (
				935476FE20559CD9006C23BA /* NightAndRadiance */,
				9354771120559CD9006C23BA /* NightAndRadianceTests */,
				935476FD20559CD9006C23BA /* Products */,
			);
			sourceTree = "<group>";
		};
		935476FD20559CD9006C23BA /* Products */ = {
			isa = PBXGroup;
			children = (
				935476FC20559CD9006C23BA /* NightAndRadiance.app */,
				9354770E20559CD9006C23BA /* NightAndRadianceTests.xctest */,
			);
			name = Products;
			sourceTree = "<group>";
		};
		935476FE20559CD9006C23BA /* NightAndRadiance */ = {
			isa = PBXGroup;
			children = (
				93D9392F222FAD3A00E49322 /* Unused */,
				935476FF20559CD9006C23BA /* AppDelegate.swift */,
				93A688A0221B88F600985E09 /* PPMWriter.swift */,
				9354770120559CD9006C23BA /* ViewController.swift */,
				9354770320559CD9006C23BA /* Assets.xcassets */,
				9354770520559CD9006C23BA /* Main.storyboard */,
				9354770820559CD9006C23BA /* Info.plist */,
				9354770920559CD9006C23BA /* NightAndRadiance.entitlements */,
				93AC0657205F80EA008CE201 /* Vector.swift */,
				93DB61362223341D00DBA7CB /* Vector+Point.swift */,
				93D97E9521FE7AD7005F4252 /* Point.swift */,
				93D97E9721FF6A6E005F4252 /* Ray.swift */,
				93D97E992200E212005F4252 /* Screen.swift */,
				93D97E9B220E70FA005F4252 /* Scene.swift */,
				93DB6132222207D000DBA7CB /* RayCast.swift */,
				93D939322239FC7400E49322 /* Triangle.swift */,
				93D939342240156900E49322 /* Polygon.swift */,
				93DB613C222F075800DBA7CB /* LightSource.swift */,
				93DB61302221C83A00DBA7CB /* Material.swift */,
				93DB613A2229D0D000DBA7CB /* Color.swift */,
				93DB613422232C7C00DBA7CB /* SceneObject.swift */,
				93A6889C2211165C00985E09 /* Plane.swift */,
				93A6889A2211162F00985E09 /* Sphere.swift */,
			);
			path = NightAndRadiance;
			sourceTree = "<group>";
		};
		9354771120559CD9006C23BA /* NightAndRadianceTests */ = {
			isa = PBXGroup;
			children = (
				9354771220559CD9006C23BA /* NightAndRadianceTests.swift */,
				9354771420559CD9006C23BA /* Info.plist */,
			);
			path = NightAndRadianceTests;
			sourceTree = "<group>";
		};
		93D9392F222FAD3A00E49322 /* Unused */ = {
			isa = PBXGroup;
			children = (
				93DB613822271FB900DBA7CB /* RayTree.swift */,
			);
			path = Unused;
			sourceTree = "<group>";
		};
/* End PBXGroup section */

/* Begin PBXNativeTarget section */
		935476FB20559CD9006C23BA /* NightAndRadiance */ = {
			isa = PBXNativeTarget;
			buildConfigurationList = 9354771720559CD9006C23BA /* Build configuration list for PBXNativeTarget "NightAndRadiance" */;
			buildPhases = (
				935476F820559CD9006C23BA /* Sources */,
				935476F920559CD9006C23BA /* Frameworks */,
				935476FA20559CD9006C23BA /* Resources */,
			);
			buildRules = (
			);
			dependencies = (
			);
			name = NightAndRadiance;
			productName = NightAndRadiance;
			productReference = 935476FC20559CD9006C23BA /* NightAndRadiance.app */;
			productType = "com.apple.product-type.application";
		};
		9354770D20559CD9006C23BA /* NightAndRadianceTests */ = {
			isa = PBXNativeTarget;
			buildConfigurationList = 9354771A20559CD9006C23BA /* Build configuration list for PBXNativeTarget "NightAndRadianceTests" */;
			buildPhases = (
				9354770A20559CD9006C23BA /* Sources */,
				9354770B20559CD9006C23BA /* Frameworks */,
				9354770C20559CD9006C23BA /* Resources */,
			);
			buildRules = (
			);
			dependencies = (
				9354771020559CD9006C23BA /* PBXTargetDependency */,
			);
			name = NightAndRadianceTests;
			productName = NightAndRadianceTests;
			productReference = 9354770E20559CD9006C23BA /* NightAndRadianceTests.xctest */;
			productType = "com.apple.product-type.bundle.unit-test";
		};
/* End PBXNativeTarget section */

/* Begin PBXProject section */
		935476F420559CD9006C23BA /* Project object */ = {
			isa = PBXProject;
			attributes = {
				LastSwiftUpdateCheck = 0910;
				LastUpgradeCheck = 1000;
				ORGANIZATIONNAME = "Darin Stoker";
				TargetAttributes = {
					935476FB20559CD9006C23BA = {
						CreatedOnToolsVersion = 9.1;
						ProvisioningStyle = Automatic;
					};
					9354770D20559CD9006C23BA = {
						CreatedOnToolsVersion = 9.1;
						LastSwiftMigration = 1000;
						ProvisioningStyle = Automatic;
						TestTargetID = 935476FB20559CD9006C23BA;
					};
				};
			};
			buildConfigurationList = 935476F720559CD9006C23BA /* Build configuration list for PBXProject "NightAndRadiance" */;
			compatibilityVersion = "Xcode 8.0";
			developmentRegion = en;
			hasScannedForEncodings = 0;
			knownRegions = (
				en,
				Base,
			);
			mainGroup = 935476F320559CD9006C23BA;
			productRefGroup = 935476FD20559CD9006C23BA /* Products */;
			projectDirPath = "";
			projectRoot = "";
			targets = (
				935476FB20559CD9006C23BA /* NightAndRadiance */,
				9354770D20559CD9006C23BA /* NightAndRadianceTests */,
			);
		};
/* End PBXProject section */

/* Begin PBXResourcesBuildPhase section */
		935476FA20559CD9006C23BA /* Resources */ = {
			isa = PBXResourcesBuildPhase;
			buildActionMask = 2147483647;
			files = (
				9354770420559CD9006C23BA /* Assets.xcassets in Resources */,
				9354770720559CD9006C23BA /* Main.storyboard in Resources */,
			);
			runOnlyForDeploymentPostprocessing = 0;
		};
		9354770C20559CD9006C23BA /* Resources */ = {
			isa = PBXResourcesBuildPhase;
			buildActionMask = 2147483647;
			files = (
			);
			runOnlyForDeploymentPostprocessing = 0;
		};
/* End PBXResourcesBuildPhase section */

/* Begin PBXSourcesBuildPhase section */
		935476F820559CD9006C23BA /* Sources */ = {
			isa = PBXSourcesBuildPhase;
			buildActionMask = 2147483647;
			files = (
				93D97E9621FE7AD7005F4252 /* Point.swift in Sources */,
				93A688A1221B88F600985E09 /* PPMWriter.swift in Sources */,
				9354770220559CD9006C23BA /* ViewController.swift in Sources */,
				93DB61372223341D00DBA7CB /* Vector+Point.swift in Sources */,
				93DB613B2229D0D000DBA7CB /* Color.swift in Sources */,
				93A6889D2211165C00985E09 /* Plane.swift in Sources */,
				93DB613922271FB900DBA7CB /* RayTree.swift in Sources */,
				93D939332239FC7400E49322 /* Triangle.swift in Sources */,
				93DB6133222207D000DBA7CB /* RayCast.swift in Sources */,
				93A6889B2211162F00985E09 /* Sphere.swift in Sources */,
				93DB61312221C83A00DBA7CB /* Material.swift in Sources */,
				93AC0658205F80EA008CE201 /* Vector.swift in Sources */,
				9354770020559CD9006C23BA /* AppDelegate.swift in Sources */,
				93D97E9C220E70FA005F4252 /* Scene.swift in Sources */,
				93DB613522232C7C00DBA7CB /* SceneObject.swift in Sources */,
				93DB613D222F075800DBA7CB /* LightSource.swift in Sources */,
				93D97E9821FF6A6F005F4252 /* Ray.swift in Sources */,
				93D97E9A2200E212005F4252 /* Screen.swift in Sources */,
				93D939352240156900E49322 /* Polygon.swift in Sources */,
			);
			runOnlyForDeploymentPostprocessing = 0;
		};
		9354770A20559CD9006C23BA /* Sources */ = {
			isa = PBXSourcesBuildPhase;
			buildActionMask = 2147483647;
			files = (
				9354771320559CD9006C23BA /* NightAndRadianceTests.swift in Sources */,
			);
			runOnlyForDeploymentPostprocessing = 0;
		};
/* End PBXSourcesBuildPhase section */

/* Begin PBXTargetDependency section */
		9354771020559CD9006C23BA /* PBXTargetDependency */ = {
			isa = PBXTargetDependency;
			target = 935476FB20559CD9006C23BA /* NightAndRadiance */;
			targetProxy = 9354770F20559CD9006C23BA /* PBXContainerItemProxy */;
		};
/* End PBXTargetDependency section */

/* Begin PBXVariantGroup section */
		9354770520559CD9006C23BA /* Main.storyboard */ = {
			isa = PBXVariantGroup;
			children = (
				9354770620559CD9006C23BA /* Base */,
			);
			name = Main.storyboard;
			sourceTree = "<group>";
		};
/* End PBXVariantGroup section */

/* Begin XCBuildConfiguration section */
		9354771520559CD9006C23BA /* Debug */ = {
			isa = XCBuildConfiguration;
			buildSettings = {
				ALWAYS_SEARCH_USER_PATHS = NO;
				CLANG_ANALYZER_NONNULL = YES;
				CLANG_ANALYZER_NUMBER_OBJECT_CONVERSION = YES_AGGRESSIVE;
				CLANG_CXX_LANGUAGE_STANDARD = "gnu++14";
				CLANG_CXX_LIBRARY = "libc++";
				CLANG_ENABLE_MODULES = YES;
				CLANG_ENABLE_OBJC_ARC = YES;
				CLANG_WARN_BLOCK_CAPTURE_AUTORELEASING = YES;
				CLANG_WARN_BOOL_CONVERSION = YES;
				CLANG_WARN_COMMA = YES;
				CLANG_WARN_CONSTANT_CONVERSION = YES;
				CLANG_WARN_DEPRECATED_OBJC_IMPLEMENTATIONS = YES;
				CLANG_WARN_DIRECT_OBJC_ISA_USAGE = YES_ERROR;
				CLANG_WARN_DOCUMENTATION_COMMENTS = YES;
				CLANG_WARN_EMPTY_BODY = YES;
				CLANG_WARN_ENUM_CONVERSION = YES;
				CLANG_WARN_INFINITE_RECURSION = YES;
				CLANG_WARN_INT_CONVERSION = YES;
				CLANG_WARN_NON_LITERAL_NULL_CONVERSION = YES;
				CLANG_WARN_OBJC_IMPLICIT_RETAIN_SELF = YES;
				CLANG_WARN_OBJC_LITERAL_CONVERSION = YES;
				CLANG_WARN_OBJC_ROOT_CLASS = YES_ERROR;
				CLANG_WARN_RANGE_LOOP_ANALYSIS = YES;
				CLANG_WARN_STRICT_PROTOTYPES = YES;
				CLANG_WARN_SUSPICIOUS_MOVE = YES;
				CLANG_WARN_UNGUARDED_AVAILABILITY = YES_AGGRESSIVE;
				CLANG_WARN_UNREACHABLE_CODE = YES;
				CLANG_WARN__DUPLICATE_METHOD_MATCH = YES;
				CODE_SIGN_IDENTITY = "Mac Developer";
				COPY_PHASE_STRIP = NO;
				DEBUG_INFORMATION_FORMAT = dwarf;
				ENABLE_STRICT_OBJC_MSGSEND = YES;
				ENABLE_TESTABILITY = YES;
				GCC_C_LANGUAGE_STANDARD = gnu11;
				GCC_DYNAMIC_NO_PIC = NO;
				GCC_NO_COMMON_BLOCKS = YES;
				GCC_OPTIMIZATION_LEVEL = 0;
				GCC_PREPROCESSOR_DEFINITIONS = (
					"DEBUG=1",
					"$(inherited)",
				);
				GCC_WARN_64_TO_32_BIT_CONVERSION = YES;
				GCC_WARN_ABOUT_RETURN_TYPE = YES_ERROR;
				GCC_WARN_UNDECLARED_SELECTOR = YES;
				GCC_WARN_UNINITIALIZED_AUTOS = YES_AGGRESSIVE;
				GCC_WARN_UNUSED_FUNCTION = YES;
				GCC_WARN_UNUSED_VARIABLE = YES;
				MACOSX_DEPLOYMENT_TARGET = 10.13;
				MTL_ENABLE_DEBUG_INFO = YES;
				ONLY_ACTIVE_ARCH = YES;
				SDKROOT = macosx;
				SWIFT_ACTIVE_COMPILATION_CONDITIONS = DEBUG;
				SWIFT_OPTIMIZATION_LEVEL = "-Onone";
			};
			name = Debug;
		};
		9354771620559CD9006C23BA /* Release */ = {
			isa = XCBuildConfiguration;
			buildSettings = {
				ALWAYS_SEARCH_USER_PATHS = NO;
				CLANG_ANALYZER_NONNULL = YES;
				CLANG_ANALYZER_NUMBER_OBJECT_CONVERSION = YES_AGGRESSIVE;
				CLANG_CXX_LANGUAGE_STANDARD = "gnu++14";
				CLANG_CXX_LIBRARY = "libc++";
				CLANG_ENABLE_MODULES = YES;
				CLANG_ENABLE_OBJC_ARC = YES;
				CLANG_WARN_BLOCK_CAPTURE_AUTORELEASING = YES;
				CLANG_WARN_BOOL_CONVERSION = YES;
				CLANG_WARN_COMMA = YES;
				CLANG_WARN_CONSTANT_CONVERSION = YES;
				CLANG_WARN_DEPRECATED_OBJC_IMPLEMENTATIONS = YES;
				CLANG_WARN_DIRECT_OBJC_ISA_USAGE = YES_ERROR;
				CLANG_WARN_DOCUMENTATION_COMMENTS = YES;
				CLANG_WARN_EMPTY_BODY = YES;
				CLANG_WARN_ENUM_CONVERSION = YES;
				CLANG_WARN_INFINITE_RECURSION = YES;
				CLANG_WARN_INT_CONVERSION = YES;
				CLANG_WARN_NON_LITERAL_NULL_CONVERSION = YES;
				CLANG_WARN_OBJC_IMPLICIT_RETAIN_SELF = YES;
				CLANG_WARN_OBJC_LITERAL_CONVERSION = YES;
				CLANG_WARN_OBJC_ROOT_CLASS = YES_ERROR;
				CLANG_WARN_RANGE_LOOP_ANALYSIS = YES;
				CLANG_WARN_STRICT_PROTOTYPES = YES;
				CLANG_WARN_SUSPICIOUS_MOVE = YES;
				CLANG_WARN_UNGUARDED_AVAILABILITY = YES_AGGRESSIVE;
				CLANG_WARN_UNREACHABLE_CODE = YES;
				CLANG_WARN__DUPLICATE_METHOD_MATCH = YES;
				CODE_SIGN_IDENTITY = "Mac Developer";
				COPY_PHASE_STRIP = NO;
				DEBUG_INFORMATION_FORMAT = "dwarf-with-dsym";
				ENABLE_NS_ASSERTIONS = NO;
				ENABLE_STRICT_OBJC_MSGSEND = YES;
				GCC_C_LANGUAGE_STANDARD = gnu11;
				GCC_NO_COMMON_BLOCKS = YES;
				GCC_WARN_64_TO_32_BIT_CONVERSION = YES;
				GCC_WARN_ABOUT_RETURN_TYPE = YES_ERROR;
				GCC_WARN_UNDECLARED_SELECTOR = YES;
				GCC_WARN_UNINITIALIZED_AUTOS = YES_AGGRESSIVE;
				GCC_WARN_UNUSED_FUNCTION = YES;
				GCC_WARN_UNUSED_VARIABLE = YES;
				MACOSX_DEPLOYMENT_TARGET = 10.13;
				MTL_ENABLE_DEBUG_INFO = NO;
				SDKROOT = macosx;
				SWIFT_OPTIMIZATION_LEVEL = "-Owholemodule";
			};
			name = Release;
		};
		9354771820559CD9006C23BA /* Debug */ = {
			isa = XCBuildConfiguration;
			buildSettings = {
				ASSETCATALOG_COMPILER_APPICON_NAME = AppIcon;
				CODE_SIGN_ENTITLEMENTS = NightAndRadiance/NightAndRadiance.entitlements;
				CODE_SIGN_STYLE = Automatic;
				COMBINE_HIDPI_IMAGES = YES;
				DEVELOPMENT_TEAM = HP898HUE36;
				INFOPLIST_FILE = NightAndRadiance/Info.plist;
				LD_RUNPATH_SEARCH_PATHS = "$(inherited) @executable_path/../Frameworks";
				PRODUCT_BUNDLE_IDENTIFIER = dstoker51.NightAndRadiance;
				PRODUCT_NAME = "$(TARGET_NAME)";
				SWIFT_VERSION = 4.2;
			};
			name = Debug;
		};
		9354771920559CD9006C23BA /* Release */ = {
			isa = XCBuildConfiguration;
			buildSettings = {
				ASSETCATALOG_COMPILER_APPICON_NAME = AppIcon;
				CODE_SIGN_ENTITLEMENTS = NightAndRadiance/NightAndRadiance.entitlements;
				CODE_SIGN_STYLE = Automatic;
				COMBINE_HIDPI_IMAGES = YES;
				DEVELOPMENT_TEAM = HP898HUE36;
				INFOPLIST_FILE = NightAndRadiance/Info.plist;
				LD_RUNPATH_SEARCH_PATHS = "$(inherited) @executable_path/../Frameworks";
				PRODUCT_BUNDLE_IDENTIFIER = dstoker51.NightAndRadiance;
				PRODUCT_NAME = "$(TARGET_NAME)";
				SWIFT_VERSION = 4.2;
			};
			name = Release;
		};
		9354771B20559CD9006C23BA /* Debug */ = {
			isa = XCBuildConfiguration;
			buildSettings = {
				ALWAYS_EMBED_SWIFT_STANDARD_LIBRARIES = YES;
				BUNDLE_LOADER = "$(TEST_HOST)";
				CODE_SIGN_STYLE = Automatic;
				COMBINE_HIDPI_IMAGES = YES;
				DEVELOPMENT_TEAM = HP898HUE36;
				INFOPLIST_FILE = NightAndRadianceTests/Info.plist;
				LD_RUNPATH_SEARCH_PATHS = "$(inherited) @executable_path/../Frameworks @loader_path/../Frameworks";
				PRODUCT_BUNDLE_IDENTIFIER = dstoker51.NightAndRadianceTests;
				PRODUCT_NAME = "$(TARGET_NAME)";
				SWIFT_VERSION = 4.2;
				TEST_HOST = "$(BUILT_PRODUCTS_DIR)/NightAndRadiance.app/Contents/MacOS/NightAndRadiance";
			};
			name = Debug;
		};
		9354771C20559CD9006C23BA /* Release */ = {
			isa = XCBuildConfiguration;
			buildSettings = {
				ALWAYS_EMBED_SWIFT_STANDARD_LIBRARIES = YES;
				BUNDLE_LOADER = "$(TEST_HOST)";
				CODE_SIGN_STYLE = Automatic;
				COMBINE_HIDPI_IMAGES = YES;
				DEVELOPMENT_TEAM = HP898HUE36;
				INFOPLIST_FILE = NightAndRadianceTests/Info.plist;
				LD_RUNPATH_SEARCH_PATHS = "$(inherited) @executable_path/../Frameworks @loader_path/../Frameworks";
				PRODUCT_BUNDLE_IDENTIFIER = dstoker51.NightAndRadianceTests;
				PRODUCT_NAME = "$(TARGET_NAME)";
				SWIFT_VERSION = 4.2;
				TEST_HOST = "$(BUILT_PRODUCTS_DIR)/NightAndRadiance.app/Contents/MacOS/NightAndRadiance";
			};
			name = Release;
		};
/* End XCBuildConfiguration section */

/* Begin XCConfigurationList section */
		935476F720559CD9006C23BA /* Build configuration list for PBXProject "NightAndRadiance" */ = {
			isa = XCConfigurationList;
			buildConfigurations = (
				9354771520559CD9006C23BA /* Debug */,
				9354771620559CD9006C23BA /* Release */,
			);
			defaultConfigurationIsVisible = 0;
			defaultConfigurationName = Release;
		};
		9354771720559CD9006C23BA /* Build configuration list for PBXNativeTarget "NightAndRadiance" */ = {
			isa = XCConfigurationList;
			buildConfigurations = (
				9354771820559CD9006C23BA /* Debug */,
				9354771920559CD9006C23BA /* Release */,
			);
			defaultConfigurationIsVisible = 0;
			defaultConfigurationName = Release;
		};
		9354771A20559CD9006C23BA /* Build configuration list for PBXNativeTarget "NightAndRadianceTests" */ = {
			isa = XCConfigurationList;
			buildConfigurations = (
				9354771B20559CD9006C23BA /* Debug */,
				9354771C20559CD9006C23BA /* Release */,
			);
			defaultConfigurationIsVisible = 0;
			defaultConfigurationName = Release;
		};
/* End XCConfigurationList section */
	};
	rootObject = 935476F420559CD9006C23BA /* Project object */;
}
